
Microsoft Visual Studio Solution File, Format Version 12.00
# Visual Studio Version 16
VisualStudioVersion = 16.0.30717.126
MinimumVisualStudioVersion = 10.0.40219.1
Project("{FAE04EC0-301F-11D3-BF4B-00C04F79EFBC}") = "Uri", "Uri\Uri.csproj", "{EFB1617E-BAD3-41CF-818D-D0D097200767}"
EndProject
Global
	GlobalSection(SolutionConfigurationPlatforms) = preSolution
		Debug|Any CPU = Debug|Any CPU
		Release|Any CPU = Release|Any CPU
	EndGlobalSection
	GlobalSection(ProjectConfigurationPlatforms) = postSolution
		{EFB1617E-BAD3-41CF-818D-D0D097200767}.Debug|Any CPU.ActiveCfg = Debug|Any CPU
		{EFB1617E-BAD3-41CF-818D-D0D097200767}.Debug|Any CPU.Build.0 = Debug|Any CPU
		{EFB1617E-BAD3-41CF-818D-D0D097200767}.Release|Any CPU.ActiveCfg = Release|Any CPU
		{EFB1617E-BAD3-41CF-818D-D0D097200767}.Release|Any CPU.Build.0 = Release|Any CPU
	EndGlobalSection
	GlobalSection(SolutionProperties) = preSolution
		HideSolutionNode = FALSE
	EndGlobalSection
	GlobalSection(ExtensibilityGlobals) = postSolution
		SolutionGuid = {827B10F4-383F-4BCB-B20A-D64E24A10528}
	EndGlobalSection
EndGlobal
